
Microsoft Visual Studio Solution File, Format Version 12.00
# Visual Studio 15
VisualStudioVersion = 15.0.27428.2002
MinimumVisualStudioVersion = 10.0.40219.1
Project("{8BC9CEB8-8B4A-11D0-8D11-00A0C91BC942}") = "vPVPGlut", "vPVPGlut\vPVPGlut.vcxproj", "{17C897C7-AF98-4E53-8A41-4BB01B340A90}"
EndProject
Project("{2150E333-8FDC-42A3-9474-1A3956D46DE8}") = "Solution Items", "Solution Items", "{71AC090E-6D98-4E55-AA2E-34DC6EF67287}"
	ProjectSection(SolutionItems) = preProject
		..\predatorpreysimglut\app.cpp = ..\predatorpreysimglut\app.cpp
		..\predatorpreysimglut\critter.cpp = ..\predatorpreysimglut\critter.cpp
		..\predatorpreysimglut\critter.h = ..\predatorpreysimglut\critter.h
		..\predatorpreysimglut\gl_draw.cpp = ..\predatorpreysimglut\gl_draw.cpp
		..\predatorpreysimglut\glut_app.h = ..\predatorpreysimglut\glut_app.h
		..\predatorpreysimglut\glut_callback.cpp = ..\predatorpreysimglut\glut_callback.cpp
		..\predatorpreysimglut\glut_main.cpp = ..\predatorpreysimglut\glut_main.cpp
		..\predatorpreysimglut\lion.cpp = ..\predatorpreysimglut\lion.cpp
		..\predatorpreysimglut\lion.h = ..\predatorpreysimglut\lion.h
		..\predatorpreysimglut\Makefile = ..\predatorpreysimglut\Makefile
		..\predatorpreysimglut\simulation.cpp = ..\predatorpreysimglut\simulation.cpp
		..\predatorpreysimglut\simulation.h = ..\predatorpreysimglut\simulation.h
		..\predatorpreysimglut\test_functions.cpp = ..\predatorpreysimglut\test_functions.cpp
		..\predatorpreysimglut\zebra.cpp = ..\predatorpreysimglut\zebra.cpp
		..\predatorpreysimglut\zebra.h = ..\predatorpreysimglut\zebra.h
	EndProjectSection
EndProject
Global
	GlobalSection(SolutionConfigurationPlatforms) = preSolution
		Debug|x64 = Debug|x64
		Debug|x86 = Debug|x86
		Release|x64 = Release|x64
		Release|x86 = Release|x86
	EndGlobalSection
	GlobalSection(ProjectConfigurationPlatforms) = postSolution
		{17C897C7-AF98-4E53-8A41-4BB01B340A90}.Debug|x64.ActiveCfg = Debug|x64
		{17C897C7-AF98-4E53-8A41-4BB01B340A90}.Debug|x64.Build.0 = Debug|x64
		{17C897C7-AF98-4E53-8A41-4BB01B340A90}.Debug|x86.ActiveCfg = Debug|Win32
		{17C897C7-AF98-4E53-8A41-4BB01B340A90}.Debug|x86.Build.0 = Debug|Win32
		{17C897C7-AF98-4E53-8A41-4BB01B340A90}.Release|x64.ActiveCfg = Release|x64
		{17C897C7-AF98-4E53-8A41-4BB01B340A90}.Release|x64.Build.0 = Release|x64
		{17C897C7-AF98-4E53-8A41-4BB01B340A90}.Release|x86.ActiveCfg = Release|Win32
		{17C897C7-AF98-4E53-8A41-4BB01B340A90}.Release|x86.Build.0 = Release|Win32
	EndGlobalSection
	GlobalSection(SolutionProperties) = preSolution
		HideSolutionNode = FALSE
	EndGlobalSection
	GlobalSection(ExtensibilityGlobals) = postSolution
		SolutionGuid = {6A07DBA6-8BB4-4E7E-B2B6-96F6908F84AD}
	EndGlobalSection
EndGlobal
