{
  "name": "vue",
  "version": "1.0.0",
  "lockfileVersion": 1,
  "requires": true,
  "dependencies": {
    "nano-assign": {
      "version": "1.0.1",
      "resolved": "https://registry.npmjs.org/nano-assign/-/nano-assign-1.0.1.tgz",
      "integrity": "sha512-1K8ncUoAYFPYcCZqrB+K2XQaFCmA35rryJCtPkGrG3zYkwm+iIUZRIHyaAfuy6zxaK9siPdjeJq7+Inijm6xhw=="
    },
    "vue-windows": {
      "version": "0.2.4",
      "resolved": "https://registry.npmjs.org/vue-windows/-/vue-windows-0.2.4.tgz",
      "integrity": "sha512-DpHgkn8RBqkR9m1rBB6VKeUdNalgUeQI32DQfL8Ep2YHTaAm/sXdSLs3s5iRCRulsqbQaPOJCkuvXbO7be1XTg==",
      "requires": {
        "nano-assign": "^1.0.0"
      }
    }
  }
}
